
Microsoft Visual Studio Solution File, Format Version 12.00
# Visual Studio 15
VisualStudioVersion = 15.0.28010.2046
MinimumVisualStudioVersion = 10.0.40219.1
Project("{FAE04EC0-301F-11D3-BF4B-00C04F79EFBC}") = "AVC_QuanLyQuanAnNhat", "QuanLyQuanAnNhat\AVC_QuanLyQuanAnNhat.csproj", "{29ACCD5D-26A9-4F0D-B63B-A3D12C3259EE}"
EndProject
Project("{FAE04EC0-301F-11D3-BF4B-00C04F79EFBC}") = "DAO", "DAO\DAO.csproj", "{827AC86D-7BEC-4404-B9C4-5DFDEA540763}"
EndProject
Project("{FAE04EC0-301F-11D3-BF4B-00C04F79EFBC}") = "BUS", "BUS\BUS.csproj", "{4C0DA89A-1DF6-40C0-AE48-121B706B801E}"
EndProject
Project("{FAE04EC0-301F-11D3-BF4B-00C04F79EFBC}") = "DTO", "DTO\DTO.csproj", "{F517A625-990D-4E4F-A4C1-CA28344BE5FC}"
EndProject
Project("{FAE04EC0-301F-11D3-BF4B-00C04F79EFBC}") = "UnitTest", "UnitTest\UnitTest.csproj", "{C55E19DD-24B6-4293-A185-066A31D83296}"
EndProject
Global
	GlobalSection(SolutionConfigurationPlatforms) = preSolution
		Debug|Any CPU = Debug|Any CPU
		Release|Any CPU = Release|Any CPU
	EndGlobalSection
	GlobalSection(ProjectConfigurationPlatforms) = postSolution
		{29ACCD5D-26A9-4F0D-B63B-A3D12C3259EE}.Debug|Any CPU.ActiveCfg = Debug|Any CPU
		{29ACCD5D-26A9-4F0D-B63B-A3D12C3259EE}.Debug|Any CPU.Build.0 = Debug|Any CPU
		{29ACCD5D-26A9-4F0D-B63B-A3D12C3259EE}.Release|Any CPU.ActiveCfg = Release|Any CPU
		{29ACCD5D-26A9-4F0D-B63B-A3D12C3259EE}.Release|Any CPU.Build.0 = Release|Any CPU
		{827AC86D-7BEC-4404-B9C4-5DFDEA540763}.Debug|Any CPU.ActiveCfg = Debug|Any CPU
		{827AC86D-7BEC-4404-B9C4-5DFDEA540763}.Debug|Any CPU.Build.0 = Debug|Any CPU
		{827AC86D-7BEC-4404-B9C4-5DFDEA540763}.Release|Any CPU.ActiveCfg = Release|Any CPU
		{827AC86D-7BEC-4404-B9C4-5DFDEA540763}.Release|Any CPU.Build.0 = Release|Any CPU
		{4C0DA89A-1DF6-40C0-AE48-121B706B801E}.Debug|Any CPU.ActiveCfg = Debug|Any CPU
		{4C0DA89A-1DF6-40C0-AE48-121B706B801E}.Debug|Any CPU.Build.0 = Debug|Any CPU
		{4C0DA89A-1DF6-40C0-AE48-121B706B801E}.Release|Any CPU.ActiveCfg = Release|Any CPU
		{4C0DA89A-1DF6-40C0-AE48-121B706B801E}.Release|Any CPU.Build.0 = Release|Any CPU
		{F517A625-990D-4E4F-A4C1-CA28344BE5FC}.Debug|Any CPU.ActiveCfg = Debug|Any CPU
		{F517A625-990D-4E4F-A4C1-CA28344BE5FC}.Debug|Any CPU.Build.0 = Debug|Any CPU
		{F517A625-990D-4E4F-A4C1-CA28344BE5FC}.Release|Any CPU.ActiveCfg = Release|Any CPU
		{F517A625-990D-4E4F-A4C1-CA28344BE5FC}.Release|Any CPU.Build.0 = Release|Any CPU
		{C55E19DD-24B6-4293-A185-066A31D83296}.Debug|Any CPU.ActiveCfg = Debug|Any CPU
		{C55E19DD-24B6-4293-A185-066A31D83296}.Debug|Any CPU.Build.0 = Debug|Any CPU
		{C55E19DD-24B6-4293-A185-066A31D83296}.Release|Any CPU.ActiveCfg = Release|Any CPU
		{C55E19DD-24B6-4293-A185-066A31D83296}.Release|Any CPU.Build.0 = Release|Any CPU
	EndGlobalSection
	GlobalSection(SolutionProperties) = preSolution
		HideSolutionNode = FALSE
	EndGlobalSection
	GlobalSection(ExtensibilityGlobals) = postSolution
		SolutionGuid = {13D32937-0307-4B1C-AC43-C5906A372BCB}
	EndGlobalSection
EndGlobal
